{
    "_readme": [
        "This file locks the dependencies of your project to a known state",
        "Read more about it at http://getcomposer.org/doc/01-basic-usage.md#composer-lock-the-lock-file",
        "This file is @generated automatically"
    ],
    "hash": "7a627c6f2e4b181bfac3a30db302a7ca",
    "packages": [
        {
            "name": "avvertix/jsonmapper",
            "version": "v0.4.2",
            "source": {
                "type": "git",
                "url": "https://github.com/avvertix/jsonmapper",
                "reference": "f2d458f248a19e3e63d9afa690c044d0e1593132"
            },
            "require-dev": {
                "phpunit/phpunit": "4.2.*"
            },
            "type": "library",
            "autoload": {
                "psr-0": {
                    "": "src/"
                }
            },
            "license": [
                "AGPL-3.0"
            ],
            "authors": [
                {
                    "name": "Christian Weiske",
                    "email": "christian.weiske@netresearch.de",
                    "homepage": "http://www.netresearch.de/",
                    "role": "Developer"
                }
            ],
            "description": "Map nested JSON structures onto PHP classes",
            "support": {
                "email": "christian.weiske@netresearch.de",
                "issues": "https://github.com/netresearch/jsonmapper/issues"
            },
            "time": "2014-10-28 11:25:55"
        }
    ],
    "packages-dev": [],
    "aliases": [],
    "minimum-stability": "stable",
    "stability-flags": [],
    "prefer-stable": false,
    "platform": [],
    "platform-dev": []
}
